
Microsoft Visual Studio Solution File, Format Version 12.00
# Visual Studio Version 17
VisualStudioVersion = 17.8.34330.188
MinimumVisualStudioVersion = 10.0.40219.1
Project("{FAE04EC0-301F-11D3-BF4B-00C04F79EFBC}") = "EwalletMobileApp", "EwalletMobileApp\EwalletMobileApp.csproj", "{EFA67F75-2C98-4EF7-B110-7E7BBF55FDDA}"
EndProject
Global
	GlobalSection(SolutionConfigurationPlatforms) = preSolution
		Debug|Any CPU = Debug|Any CPU
		Release|Any CPU = Release|Any CPU
	EndGlobalSection
	GlobalSection(ProjectConfigurationPlatforms) = postSolution
		{EFA67F75-2C98-4EF7-B110-7E7BBF55FDDA}.Debug|Any CPU.ActiveCfg = Debug|Any CPU
		{EFA67F75-2C98-4EF7-B110-7E7BBF55FDDA}.Debug|Any CPU.Build.0 = Debug|Any CPU
		{EFA67F75-2C98-4EF7-B110-7E7BBF55FDDA}.Debug|Any CPU.Deploy.0 = Debug|Any CPU
		{EFA67F75-2C98-4EF7-B110-7E7BBF55FDDA}.Release|Any CPU.ActiveCfg = Release|Any CPU
		{EFA67F75-2C98-4EF7-B110-7E7BBF55FDDA}.Release|Any CPU.Build.0 = Release|Any CPU
		{EFA67F75-2C98-4EF7-B110-7E7BBF55FDDA}.Release|Any CPU.Deploy.0 = Release|Any CPU
	EndGlobalSection
	GlobalSection(SolutionProperties) = preSolution
		HideSolutionNode = FALSE
	EndGlobalSection
	GlobalSection(ExtensibilityGlobals) = postSolution
		SolutionGuid = {2E4C8AE9-CAE7-4B1D-8501-BCE270475490}
	EndGlobalSection
EndGlobal
